
Microsoft Visual Studio Solution File, Format Version 12.00
# Visual Studio Version 17
VisualStudioVersion = 17.5.002.0
MinimumVisualStudioVersion = 10.0.40219.1
Project("{9A19103F-16F7-4668-BE54-9A1E7A4F7556}") = "LionHeart.BusinessLogic", "LionHeart.BusinessLogic\LionHeart.BusinessLogic.csproj", "{BEFE1A27-AE7F-4680-81F9-E78D17278CEA}"
EndProject
Project("{9A19103F-16F7-4668-BE54-9A1E7A4F7556}") = "LionHeart.Core", "LionHeart.Core\LionHeart.Core.csproj", "{8F3FBBDC-8C4A-4E7C-A4E0-AD7763ADBADB}"
EndProject
Project("{9A19103F-16F7-4668-BE54-9A1E7A4F7556}") = "LionHeart.DataAccess", "LionHeart.DataAccess\LionHeart.DataAccess.csproj", "{8D87ED4A-1886-4B90-B5F5-2791C3F2AD37}"
EndProject
Project("{9A19103F-16F7-4668-BE54-9A1E7A4F7556}") = "LionHeart.Web", "LionHeart.Web\LionHeart.Web.csproj", "{BE57E2A2-E780-4449-923D-16C41F0B58E2}"
EndProject
Global
	GlobalSection(SolutionConfigurationPlatforms) = preSolution
		Debug|Any CPU = Debug|Any CPU
		Release|Any CPU = Release|Any CPU
	EndGlobalSection
	GlobalSection(ProjectConfigurationPlatforms) = postSolution
		{BEFE1A27-AE7F-4680-81F9-E78D17278CEA}.Debug|Any CPU.ActiveCfg = Debug|Any CPU
		{BEFE1A27-AE7F-4680-81F9-E78D17278CEA}.Debug|Any CPU.Build.0 = Debug|Any CPU
		{BEFE1A27-AE7F-4680-81F9-E78D17278CEA}.Release|Any CPU.ActiveCfg = Release|Any CPU
		{BEFE1A27-AE7F-4680-81F9-E78D17278CEA}.Release|Any CPU.Build.0 = Release|Any CPU
		{8F3FBBDC-8C4A-4E7C-A4E0-AD7763ADBADB}.Debug|Any CPU.ActiveCfg = Debug|Any CPU
		{8F3FBBDC-8C4A-4E7C-A4E0-AD7763ADBADB}.Debug|Any CPU.Build.0 = Debug|Any CPU
		{8F3FBBDC-8C4A-4E7C-A4E0-AD7763ADBADB}.Release|Any CPU.ActiveCfg = Release|Any CPU
		{8F3FBBDC-8C4A-4E7C-A4E0-AD7763ADBADB}.Release|Any CPU.Build.0 = Release|Any CPU
		{8D87ED4A-1886-4B90-B5F5-2791C3F2AD37}.Debug|Any CPU.ActiveCfg = Debug|Any CPU
		{8D87ED4A-1886-4B90-B5F5-2791C3F2AD37}.Debug|Any CPU.Build.0 = Debug|Any CPU
		{8D87ED4A-1886-4B90-B5F5-2791C3F2AD37}.Release|Any CPU.ActiveCfg = Release|Any CPU
		{8D87ED4A-1886-4B90-B5F5-2791C3F2AD37}.Release|Any CPU.Build.0 = Release|Any CPU
		{BE57E2A2-E780-4449-923D-16C41F0B58E2}.Debug|Any CPU.ActiveCfg = Debug|Any CPU
		{BE57E2A2-E780-4449-923D-16C41F0B58E2}.Debug|Any CPU.Build.0 = Debug|Any CPU
		{BE57E2A2-E780-4449-923D-16C41F0B58E2}.Release|Any CPU.ActiveCfg = Release|Any CPU
		{BE57E2A2-E780-4449-923D-16C41F0B58E2}.Release|Any CPU.Build.0 = Release|Any CPU
	EndGlobalSection
	GlobalSection(SolutionProperties) = preSolution
		HideSolutionNode = FALSE
	EndGlobalSection
	GlobalSection(ExtensibilityGlobals) = postSolution
		SolutionGuid = {BE046DDD-D9E5-49D8-BC40-BD88FAA92C04}
	EndGlobalSection
EndGlobal
